
Microsoft Visual Studio Solution File, Format Version 12.00
# Visual Studio 15
VisualStudioVersion = 15.0.28307.168
MinimumVisualStudioVersion = 10.0.40219.1
Project("{FAE04EC0-301F-11D3-BF4B-00C04F79EFBC}") = "GitIgnoreMaker", "GitIgnoreMaker\GitIgnoreMaker.csproj", "{6C112CC0-A472-4B40-85EA-72B373029935}"
EndProject
Project("{FAE04EC0-301F-11D3-BF4B-00C04F79EFBC}") = "GitIgnoreMakerSample", "GitIgnoreMakerSample\GitIgnoreMakerSample.csproj", "{353296EC-6ADC-4457-8C41-567D53FEEA65}"
EndProject
Global
	GlobalSection(SolutionConfigurationPlatforms) = preSolution
		Debug|Any CPU = Debug|Any CPU
		Release|Any CPU = Release|Any CPU
	EndGlobalSection
	GlobalSection(ProjectConfigurationPlatforms) = postSolution
		{6C112CC0-A472-4B40-85EA-72B373029935}.Debug|Any CPU.ActiveCfg = Debug|Any CPU
		{6C112CC0-A472-4B40-85EA-72B373029935}.Debug|Any CPU.Build.0 = Debug|Any CPU
		{6C112CC0-A472-4B40-85EA-72B373029935}.Release|Any CPU.ActiveCfg = Release|Any CPU
		{6C112CC0-A472-4B40-85EA-72B373029935}.Release|Any CPU.Build.0 = Release|Any CPU
		{353296EC-6ADC-4457-8C41-567D53FEEA65}.Debug|Any CPU.ActiveCfg = Debug|Any CPU
		{353296EC-6ADC-4457-8C41-567D53FEEA65}.Debug|Any CPU.Build.0 = Debug|Any CPU
		{353296EC-6ADC-4457-8C41-567D53FEEA65}.Release|Any CPU.ActiveCfg = Release|Any CPU
		{353296EC-6ADC-4457-8C41-567D53FEEA65}.Release|Any CPU.Build.0 = Release|Any CPU
	EndGlobalSection
	GlobalSection(SolutionProperties) = preSolution
		HideSolutionNode = FALSE
	EndGlobalSection
	GlobalSection(ExtensibilityGlobals) = postSolution
		SolutionGuid = {6D097646-C053-4426-816C-89B1BF5A7572}
	EndGlobalSection
EndGlobal
